
Microsoft Visual Studio Solution File, Format Version 12.00
# Visual Studio Version 17
VisualStudioVersion = 17.5.002.0
MinimumVisualStudioVersion = 10.0.40219.1
Project("{9A19103F-16F7-4668-BE54-9A1E7A4F7556}") = "ElectronyatShop", "ElectronyatShop.csproj", "{1C917EBD-7B46-4FBD-B1A4-8CC94144DAE1}"
EndProject
Global
	GlobalSection(SolutionConfigurationPlatforms) = preSolution
		Debug|Any CPU = Debug|Any CPU
		Release|Any CPU = Release|Any CPU
	EndGlobalSection
	GlobalSection(ProjectConfigurationPlatforms) = postSolution
		{1C917EBD-7B46-4FBD-B1A4-8CC94144DAE1}.Debug|Any CPU.ActiveCfg = Debug|Any CPU
		{1C917EBD-7B46-4FBD-B1A4-8CC94144DAE1}.Debug|Any CPU.Build.0 = Debug|Any CPU
		{1C917EBD-7B46-4FBD-B1A4-8CC94144DAE1}.Release|Any CPU.ActiveCfg = Release|Any CPU
		{1C917EBD-7B46-4FBD-B1A4-8CC94144DAE1}.Release|Any CPU.Build.0 = Release|Any CPU
	EndGlobalSection
	GlobalSection(SolutionProperties) = preSolution
		HideSolutionNode = FALSE
	EndGlobalSection
	GlobalSection(ExtensibilityGlobals) = postSolution
		SolutionGuid = {058EB41D-D1AB-4B6E-994F-E1A514F04580}
	EndGlobalSection
EndGlobal
